// !$*UTF8*$!
{
	archiveVersion = 1;
	classes = {
	};
	objectVersion = 46;
	objects = {

/* Begin PBXBuildFile section */
		57E6CAB21C593F5A00BC3F98 /* AppDelegate.m in Sources */ = {isa = PBXBuildFile; fileRef = 57E6CAB11C593F5A00BC3F98 /* AppDelegate.m */; };
		57E6CAB51C593F5A00BC3F98 /* main.m in Sources */ = {isa = PBXBuildFile; fileRef = 57E6CAB41C593F5A00BC3F98 /* main.m */; };
		57E6CAB71C593F5A00BC3F98 /* Assets.xcassets in Resources */ = {isa = PBXBuildFile; fileRef = 57E6CAB61C593F5A00BC3F98 /* Assets.xcassets */; };
		57E6CABA1C593F5A00BC3F98 /* MainMenu.xib in Resources */ = {isa = PBXBuildFile; fileRef = 57E6CAB81C593F5A00BC3F98 /* MainMenu.xib */; };
		57E6CAC51C593F5A00BC3F98 /* WiFi_InfoTests.m in Sources */ = {isa = PBXBuildFile; fileRef = 57E6CAC41C593F5A00BC3F98 /* WiFi_InfoTests.m */; };
		57E6CAD01C593F5A00BC3F98 /* WiFi_InfoUITests.m in Sources */ = {isa = PBXBuildFile; fileRef = 57E6CACF1C593F5A00BC3F98 /* WiFi_InfoUITests.m */; };
/* End PBXBuildFile section */

/* Begin PBXContainerItemProxy section */
		57E6CAC11C593F5A00BC3F98 /* PBXContainerItemProxy */ = {
			isa = PBXContainerItemProxy;
			containerPortal = 57E6CAA51C593F5A00BC3F98 /* Project object */;
			proxyType = 1;
			remoteGlobalIDString = 57E6CAAC1C593F5A00BC3F98;
			remoteInfo = "WiFi Info";
		};
		57E6CACC1C593F5A00BC3F98 /* PBXContainerItemProxy */ = {
			isa = PBXContainerItemProxy;
			containerPortal = 57E6CAA51C593F5A00BC3F98 /* Project object */;
			proxyType = 1;
			remoteGlobalIDString = 57E6CAAC1C593F5A00BC3F98;
			remoteInfo = "WiFi Info";
		};
/* End PBXContainerItemProxy section */

/* Begin PBXFileReference section */
		57E6CAAD1C593F5A00BC3F98 /* WiFi Info.app */ = {isa = PBXFileReference; explicitFileType = wrapper.application; includeInIndex = 0; path = "WiFi Info.app"; sourceTree = BUILT_PRODUCTS_DIR; };
		57E6CAB01C593F5A00BC3F98 /* AppDelegate.h */ = {isa = PBXFileReference; lastKnownFileType = sourcecode.c.h; path = AppDelegate.h; sourceTree = "<group>"; };
		57E6CAB11C593F5A00BC3F98 /* AppDelegate.m */ = {isa = PBXFileReference; lastKnownFileType = sourcecode.c.objc; path = AppDelegate.m; sourceTree = "<group>"; };
		57E6CAB41C593F5A00BC3F98 /* main.m */ = {isa = PBXFileReference; lastKnownFileType = sourcecode.c.objc; path = main.m; sourceTree = "<group>"; };
		57E6CAB61C593F5A00BC3F98 /* Assets.xcassets */ = {isa = PBXFileReference; lastKnownFileType = folder.assetcatalog; path = Assets.xcassets; sourceTree = "<group>"; };
		57E6CAB91C593F5A00BC3F98 /* Base */ = {isa = PBXFileReference; lastKnownFileType = file.xib; name = Base; path = Base.lproj/MainMenu.xib; sourceTree = "<group>"; };
		57E6CABB1C593F5A00BC3F98 /* Info.plist */ = {isa = PBXFileReference; lastKnownFileType = text.plist.xml; path = Info.plist; sourceTree = "<group>"; };
		57E6CAC01C593F5A00BC3F98 /* WiFi InfoTests.xctest */ = {isa = PBXFileReference; explicitFileType = wrapper.cfbundle; includeInIndex = 0; path = "WiFi InfoTests.xctest"; sourceTree = BUILT_PRODUCTS_DIR; };
		57E6CAC41C593F5A00BC3F98 /* WiFi_InfoTests.m */ = {isa = PBXFileReference; lastKnownFileType = sourcecode.c.objc; path = WiFi_InfoTests.m; sourceTree = "<group>"; };
		57E6CAC61C593F5A00BC3F98 /* Info.plist */ = {isa = PBXFileReference; lastKnownFileType = text.plist.xml; path = Info.plist; sourceTree = "<group>"; };
		57E6CACB1C593F5A00BC3F98 /* WiFi InfoUITests.xctest */ = {isa = PBXFileReference; explicitFileType = wrapper.cfbundle; includeInIndex = 0; path = "WiFi InfoUITests.xctest"; sourceTree = BUILT_PRODUCTS_DIR; };
		57E6CACF1C593F5A00BC3F98 /* WiFi_InfoUITests.m */ = {isa = PBXFileReference; lastKnownFileType = sourcecode.c.objc; path = WiFi_InfoUITests.m; sourceTree = "<group>"; };
		57E6CAD11C593F5A00BC3F98 /* Info.plist */ = {isa = PBXFileReference; lastKnownFileType = text.plist.xml; path = Info.plist; sourceTree = "<group>"; };
/* End PBXFileReference section */

/* Begin PBXFrameworksBuildPhase section */
		57E6CAAA1C593F5A00BC3F98 /* Frameworks */ = {
			isa = PBXFrameworksBuildPhase;
			buildActionMask = 2147483647;
			files = (
			);
			runOnlyForDeploymentPostprocessing = 0;
		};
		57E6CABD1C593F5A00BC3F98 /* Frameworks */ = {
			isa = PBXFrameworksBuildPhase;
			buildActionMask = 2147483647;
			files = (
			);
			runOnlyForDeploymentPostprocessing = 0;
		};
		57E6CAC81C593F5A00BC3F98 /* Frameworks */ = {
			isa = PBXFrameworksBuildPhase;
			buildActionMask = 2147483647;
			files = (
			);
			runOnlyForDeploymentPostprocessing = 0;
		};
/* End PBXFrameworksBuildPhase section */

/* Begin PBXGroup section */
		57E6CAA41C593F5A00BC3F98 = {
			isa = PBXGroup;
			children = (
				57E6CAAF1C593F5A00BC3F98 /* WiFi Info */,
				57E6CAC31C593F5A00BC3F98 /* WiFi InfoTests */,
				57E6CACE1C593F5A00BC3F98 /* WiFi InfoUITests */,
				57E6CAAE1C593F5A00BC3F98 /* Products */,
			);
			sourceTree = "<group>";
		};
		57E6CAAE1C593F5A00BC3F98 /* Products */ = {
			isa = PBXGroup;
			children = (
				57E6CAAD1C593F5A00BC3F98 /* WiFi Info.app */,
				57E6CAC01C593F5A00BC3F98 /* WiFi InfoTests.xctest */,
				57E6CACB1C593F5A00BC3F98 /* WiFi InfoUITests.xctest */,
			);
			name = Products;
			sourceTree = "<group>";
		};
		57E6CAAF1C593F5A00BC3F98 /* WiFi Info */ = {
			isa = PBXGroup;
			children = (
				57E6CAB01C593F5A00BC3F98 /* AppDelegate.h */,
				57E6CAB11C593F5A00BC3F98 /* AppDelegate.m */,
				57E6CAB61C593F5A00BC3F98 /* Assets.xcassets */,
				57E6CAB81C593F5A00BC3F98 /* MainMenu.xib */,
				57E6CABB1C593F5A00BC3F98 /* Info.plist */,
				57E6CAB31C593F5A00BC3F98 /* Supporting Files */,
			);
			path = "WiFi Info";
			sourceTree = "<group>";
		};
		57E6CAB31C593F5A00BC3F98 /* Supporting Files */ = {
			isa = PBXGroup;
			children = (
				57E6CAB41C593F5A00BC3F98 /* main.m */,
			);
			name = "Supporting Files";
			sourceTree = "<group>";
		};
		57E6CAC31C593F5A00BC3F98 /* WiFi InfoTests */ = {
			isa = PBXGroup;
			children = (
				57E6CAC41C593F5A00BC3F98 /* WiFi_InfoTests.m */,
				57E6CAC61C593F5A00BC3F98 /* Info.plist */,
			);
			path = "WiFi InfoTests";
			sourceTree = "<group>";
		};
		57E6CACE1C593F5A00BC3F98 /* WiFi InfoUITests */ = {
			isa = PBXGroup;
			children = (
				57E6CACF1C593F5A00BC3F98 /* WiFi_InfoUITests.m */,
				57E6CAD11C593F5A00BC3F98 /* Info.plist */,
			);
			path = "WiFi InfoUITests";
			sourceTree = "<group>";
		};
/* End PBXGroup section */

/* Begin PBXNativeTarget section */
		57E6CAAC1C593F5A00BC3F98 /* WiFi Info */ = {
			isa = PBXNativeTarget;
			buildConfigurationList = 57E6CAD41C593F5A00BC3F98 /* Build configuration list for PBXNativeTarget "WiFi Info" */;
			buildPhases = (
				57E6CAA91C593F5A00BC3F98 /* Sources */,
				57E6CAAA1C593F5A00BC3F98 /* Frameworks */,
				57E6CAAB1C593F5A00BC3F98 /* Resources */,
			);
			buildRules = (
			);
			dependencies = (
			);
			name = "WiFi Info";
			productName = "WiFi Info";
			productReference = 57E6CAAD1C593F5A00BC3F98 /* WiFi Info.app */;
			productType = "com.apple.product-type.application";
		};
		57E6CABF1C593F5A00BC3F98 /* WiFi InfoTests */ = {
			isa = PBXNativeTarget;
			buildConfigurationList = 57E6CAD71C593F5A00BC3F98 /* Build configuration list for PBXNativeTarget "WiFi InfoTests" */;
			buildPhases = (
				57E6CABC1C593F5A00BC3F98 /* Sources */,
				57E6CABD1C593F5A00BC3F98 /* Frameworks */,
				57E6CABE1C593F5A00BC3F98 /* Resources */,
			);
			buildRules = (
			);
			dependencies = (
				57E6CAC21C593F5A00BC3F98 /* PBXTargetDependency */,
			);
			name = "WiFi InfoTests";
			productName = "WiFi InfoTests";
			productReference = 57E6CAC01C593F5A00BC3F98 /* WiFi InfoTests.xctest */;
			productType = "com.apple.product-type.bundle.unit-test";
		};
		57E6CACA1C593F5A00BC3F98 /* WiFi InfoUITests */ = {
			isa = PBXNativeTarget;
			buildConfigurationList = 57E6CADA1C593F5A00BC3F98 /* Build configuration list for PBXNativeTarget "WiFi InfoUITests" */;
			buildPhases = (
				57E6CAC71C593F5A00BC3F98 /* Sources */,
				57E6CAC81C593F5A00BC3F98 /* Frameworks */,
				57E6CAC91C593F5A00BC3F98 /* Resources */,
			);
			buildRules = (
			);
			dependencies = (
				57E6CACD1C593F5A00BC3F98 /* PBXTargetDependency */,
			);
			name = "WiFi InfoUITests";
			productName = "WiFi InfoUITests";
			productReference = 57E6CACB1C593F5A00BC3F98 /* WiFi InfoUITests.xctest */;
			productType = "com.apple.product-type.bundle.ui-testing";
		};
/* End PBXNativeTarget section */

/* Begin PBXProject section */
		57E6CAA51C593F5A00BC3F98 /* Project object */ = {
			isa = PBXProject;
			attributes = {
				LastUpgradeCheck = 0720;
				ORGANIZATIONNAME = "James Barclay";
				TargetAttributes = {
					57E6CAAC1C593F5A00BC3F98 = {
						CreatedOnToolsVersion = 7.2;
					};
					57E6CABF1C593F5A00BC3F98 = {
						CreatedOnToolsVersion = 7.2;
						TestTargetID = 57E6CAAC1C593F5A00BC3F98;
					};
					57E6CACA1C593F5A00BC3F98 = {
						CreatedOnToolsVersion = 7.2;
						TestTargetID = 57E6CAAC1C593F5A00BC3F98;
					};
				};
			};
			buildConfigurationList = 57E6CAA81C593F5A00BC3F98 /* Build configuration list for PBXProject "WiFi Info" */;
			compatibilityVersion = "Xcode 3.2";
			developmentRegion = English;
			hasScannedForEncodings = 0;
			knownRegions = (
				en,
				Base,
			);
			mainGroup = 57E6CAA41C593F5A00BC3F98;
			productRefGroup = 57E6CAAE1C593F5A00BC3F98 /* Products */;
			projectDirPath = "";
			projectRoot = "";
			targets = (
				57E6CAAC1C593F5A00BC3F98 /* WiFi Info */,
				57E6CABF1C593F5A00BC3F98 /* WiFi InfoTests */,
				57E6CACA1C593F5A00BC3F98 /* WiFi InfoUITests */,
			);
		};
/* End PBXProject section */

/* Begin PBXResourcesBuildPhase section */
		57E6CAAB1C593F5A00BC3F98 /* Resources */ = {
			isa = PBXResourcesBuildPhase;
			buildActionMask = 2147483647;
			files = (
				57E6CAB71C593F5A00BC3F98 /* Assets.xcassets in Resources */,
				57E6CABA1C593F5A00BC3F98 /* MainMenu.xib in Resources */,
			);
			runOnlyForDeploymentPostprocessing = 0;
		};
		57E6CABE1C593F5A00BC3F98 /* Resources */ = {
			isa = PBXResourcesBuildPhase;
			buildActionMask = 2147483647;
			files = (
			);
			runOnlyForDeploymentPostprocessing = 0;
		};
		57E6CAC91C593F5A00BC3F98 /* Resources */ = {
			isa = PBXResourcesBuildPhase;
			buildActionMask = 2147483647;
			files = (
			);
			runOnlyForDeploymentPostprocessing = 0;
		};
/* End PBXResourcesBuildPhase section */

/* Begin PBXSourcesBuildPhase section */
		57E6CAA91C593F5A00BC3F98 /* Sources */ = {
			isa = PBXSourcesBuildPhase;
			buildActionMask = 2147483647;
			files = (
				57E6CAB51C593F5A00BC3F98 /* main.m in Sources */,
				57E6CAB21C593F5A00BC3F98 /* AppDelegate.m in Sources */,
			);
			runOnlyForDeploymentPostprocessing = 0;
		};
		57E6CABC1C593F5A00BC3F98 /* Sources */ = {
			isa = PBXSourcesBuildPhase;
			buildActionMask = 2147483647;
			files = (
				57E6CAC51C593F5A00BC3F98 /* WiFi_InfoTests.m in Sources */,
			);
			runOnlyForDeploymentPostprocessing = 0;
		};
		57E6CAC71C593F5A00BC3F98 /* Sources */ = {
			isa = PBXSourcesBuildPhase;
			buildActionMask = 2147483647;
			files = (
				57E6CAD01C593F5A00BC3F98 /* WiFi_InfoUITests.m in Sources */,
			);
			runOnlyForDeploymentPostprocessing = 0;
		};
/* End PBXSourcesBuildPhase section */

/* Begin PBXTargetDependency section */
		57E6CAC21C593F5A00BC3F98 /* PBXTargetDependency */ = {
			isa = PBXTargetDependency;
			target = 57E6CAAC1C593F5A00BC3F98 /* WiFi Info */;
			targetProxy = 57E6CAC11C593F5A00BC3F98 /* PBXContainerItemProxy */;
		};
		57E6CACD1C593F5A00BC3F98 /* PBXTargetDependency */ = {
			isa = PBXTargetDependency;
			target = 57E6CAAC1C593F5A00BC3F98 /* WiFi Info */;
			targetProxy = 57E6CACC1C593F5A00BC3F98 /* PBXContainerItemProxy */;
		};
/* End PBXTargetDependency section */

/* Begin PBXVariantGroup section */
		57E6CAB81C593F5A00BC3F98 /* MainMenu.xib */ = {
			isa = PBXVariantGroup;
			children = (
				57E6CAB91C593F5A00BC3F98 /* Base */,
			);
			name = MainMenu.xib;
			sourceTree = "<group>";
		};
/* End PBXVariantGroup section */

/* Begin XCBuildConfiguration section */
		57E6CAD21C593F5A00BC3F98 /* Debug */ = {
			isa = XCBuildConfiguration;
			buildSettings = {
				ALWAYS_SEARCH_USER_PATHS = NO;
				CLANG_CXX_LANGUAGE_STANDARD = "gnu++0x";
				CLANG_CXX_LIBRARY = "libc++";
				CLANG_ENABLE_MODULES = YES;
				CLANG_ENABLE_OBJC_ARC = YES;
				CLANG_WARN_BOOL_CONVERSION = YES;
				CLANG_WARN_CONSTANT_CONVERSION = YES;
				CLANG_WARN_DIRECT_OBJC_ISA_USAGE = YES_ERROR;
				CLANG_WARN_EMPTY_BODY = YES;
				CLANG_WARN_ENUM_CONVERSION = YES;
				CLANG_WARN_INT_CONVERSION = YES;
				CLANG_WARN_OBJC_ROOT_CLASS = YES_ERROR;
				CLANG_WARN_UNREACHABLE_CODE = YES;
				CLANG_WARN__DUPLICATE_METHOD_MATCH = YES;
				CODE_SIGN_IDENTITY = "-";
				COPY_PHASE_STRIP = NO;
				DEBUG_INFORMATION_FORMAT = dwarf;
				ENABLE_STRICT_OBJC_MSGSEND = YES;
				ENABLE_TESTABILITY = YES;
				GCC_C_LANGUAGE_STANDARD = gnu99;
				GCC_DYNAMIC_NO_PIC = NO;
				GCC_NO_COMMON_BLOCKS = YES;
				GCC_OPTIMIZATION_LEVEL = 0;
				GCC_PREPROCESSOR_DEFINITIONS = (
					"DEBUG=1",
					"$(inherited)",
				);
				GCC_WARN_64_TO_32_BIT_CONVERSION = YES;
				GCC_WARN_ABOUT_RETURN_TYPE = YES_ERROR;
				GCC_WARN_UNDECLARED_SELECTOR = YES;
				GCC_WARN_UNINITIALIZED_AUTOS = YES_AGGRESSIVE;
				GCC_WARN_UNUSED_FUNCTION = YES;
				GCC_WARN_UNUSED_VARIABLE = YES;
				MACOSX_DEPLOYMENT_TARGET = 10.11;
				MTL_ENABLE_DEBUG_INFO = YES;
				ONLY_ACTIVE_ARCH = YES;
				SDKROOT = macosx;
			};
			name = Debug;
		};
		57E6CAD31C593F5A00BC3F98 /* Release */ = {
			isa = XCBuildConfiguration;
			buildSettings = {
				ALWAYS_SEARCH_USER_PATHS = NO;
				CLANG_CXX_LANGUAGE_STANDARD = "gnu++0x";
				CLANG_CXX_LIBRARY = "libc++";
				CLANG_ENABLE_MODULES = YES;
				CLANG_ENABLE_OBJC_ARC = YES;
				CLANG_WARN_BOOL_CONVERSION = YES;
				CLANG_WARN_CONSTANT_CONVERSION = YES;
				CLANG_WARN_DIRECT_OBJC_ISA_USAGE = YES_ERROR;
				CLANG_WARN_EMPTY_BODY = YES;
				CLANG_WARN_ENUM_CONVERSION = YES;
				CLANG_WARN_INT_CONVERSION = YES;
				CLANG_WARN_OBJC_ROOT_CLASS = YES_ERROR;
				CLANG_WARN_UNREACHABLE_CODE = YES;
				CLANG_WARN__DUPLICATE_METHOD_MATCH = YES;
				CODE_SIGN_IDENTITY = "-";
				COPY_PHASE_STRIP = NO;
				DEBUG_INFORMATION_FORMAT = "dwarf-with-dsym";
				ENABLE_NS_ASSERTIONS = NO;
				ENABLE_STRICT_OBJC_MSGSEND = YES;
				GCC_C_LANGUAGE_STANDARD = gnu99;
				GCC_NO_COMMON_BLOCKS = YES;
				GCC_WARN_64_TO_32_BIT_CONVERSION = YES;
				GCC_WARN_ABOUT_RETURN_TYPE = YES_ERROR;
				GCC_WARN_UNDECLARED_SELECTOR = YES;
				GCC_WARN_UNINITIALIZED_AUTOS = YES_AGGRESSIVE;
				GCC_WARN_UNUSED_FUNCTION = YES;
				GCC_WARN_UNUSED_VARIABLE = YES;
				MACOSX_DEPLOYMENT_TARGET = 10.11;
				MTL_ENABLE_DEBUG_INFO = NO;
				SDKROOT = macosx;
			};
			name = Release;
		};
		57E6CAD51C593F5A00BC3F98 /* Debug */ = {
			isa = XCBuildConfiguration;
			buildSettings = {
				ASSETCATALOG_COMPILER_APPICON_NAME = AppIcon;
				COMBINE_HIDPI_IMAGES = YES;
				INFOPLIST_FILE = "WiFi Info/Info.plist";
				LD_RUNPATH_SEARCH_PATHS = "$(inherited) @executable_path/../Frameworks";
				PRODUCT_BUNDLE_IDENTIFIER = "com.everythingisgray.WiFi-Info";
				PRODUCT_NAME = "$(TARGET_NAME)";
			};
			name = Debug;
		};
		57E6CAD61C593F5A00BC3F98 /* Release */ = {
			isa = XCBuildConfiguration;
			buildSettings = {
				ASSETCATALOG_COMPILER_APPICON_NAME = AppIcon;
				COMBINE_HIDPI_IMAGES = YES;
				INFOPLIST_FILE = "WiFi Info/Info.plist";
				LD_RUNPATH_SEARCH_PATHS = "$(inherited) @executable_path/../Frameworks";
				PRODUCT_BUNDLE_IDENTIFIER = "com.everythingisgray.WiFi-Info";
				PRODUCT_NAME = "$(TARGET_NAME)";
			};
			name = Release;
		};
		57E6CAD81C593F5A00BC3F98 /* Debug */ = {
			isa = XCBuildConfiguration;
			buildSettings = {
				BUNDLE_LOADER = "$(TEST_HOST)";
				COMBINE_HIDPI_IMAGES = YES;
				INFOPLIST_FILE = "WiFi InfoTests/Info.plist";
				LD_RUNPATH_SEARCH_PATHS = "$(inherited) @executable_path/../Frameworks @loader_path/../Frameworks";
				PRODUCT_BUNDLE_IDENTIFIER = "com.everythingisgray.WiFi-InfoTests";
				PRODUCT_NAME = "$(TARGET_NAME)";
				TEST_HOST = "$(BUILT_PRODUCTS_DIR)/WiFi Info.app/Contents/MacOS/WiFi Info";
			};
			name = Debug;
		};
		57E6CAD91C593F5A00BC3F98 /* Release */ = {
			isa = XCBuildConfiguration;
			buildSettings = {
				BUNDLE_LOADER = "$(TEST_HOST)";
				COMBINE_HIDPI_IMAGES = YES;
				INFOPLIST_FILE = "WiFi InfoTests/Info.plist";
				LD_RUNPATH_SEARCH_PATHS = "$(inherited) @executable_path/../Frameworks @loader_path/../Frameworks";
				PRODUCT_BUNDLE_IDENTIFIER = "com.everythingisgray.WiFi-InfoTests";
				PRODUCT_NAME = "$(TARGET_NAME)";
				TEST_HOST = "$(BUILT_PRODUCTS_DIR)/WiFi Info.app/Contents/MacOS/WiFi Info";
			};
			name = Release;
		};
		57E6CADB1C593F5A00BC3F98 /* Debug */ = {
			isa = XCBuildConfiguration;
			buildSettings = {
				COMBINE_HIDPI_IMAGES = YES;
				INFOPLIST_FILE = "WiFi InfoUITests/Info.plist";
				LD_RUNPATH_SEARCH_PATHS = "$(inherited) @executable_path/../Frameworks @loader_path/../Frameworks";
				PRODUCT_BUNDLE_IDENTIFIER = "com.everythingisgray.WiFi-InfoUITests";
				PRODUCT_NAME = "$(TARGET_NAME)";
				TEST_TARGET_NAME = "WiFi Info";
				USES_XCTRUNNER = YES;
			};
			name = Debug;
		};
		57E6CADC1C593F5A00BC3F98 /* Release */ = {
			isa = XCBuildConfiguration;
			buildSettings = {
				COMBINE_HIDPI_IMAGES = YES;
				INFOPLIST_FILE = "WiFi InfoUITests/Info.plist";
				LD_RUNPATH_SEARCH_PATHS = "$(inherited) @executable_path/../Frameworks @loader_path/../Frameworks";
				PRODUCT_BUNDLE_IDENTIFIER = "com.everythingisgray.WiFi-InfoUITests";
				PRODUCT_NAME = "$(TARGET_NAME)";
				TEST_TARGET_NAME = "WiFi Info";
				USES_XCTRUNNER = YES;
			};
			name = Release;
		};
/* End XCBuildConfiguration section */

/* Begin XCConfigurationList section */
		57E6CAA81C593F5A00BC3F98 /* Build configuration list for PBXProject "WiFi Info" */ = {
			isa = XCConfigurationList;
			buildConfigurations = (
				57E6CAD21C593F5A00BC3F98 /* Debug */,
				57E6CAD31C593F5A00BC3F98 /* Release */,
			);
			defaultConfigurationIsVisible = 0;
			defaultConfigurationName = Release;
		};
		57E6CAD41C593F5A00BC3F98 /* Build configuration list for PBXNativeTarget "WiFi Info" */ = {
			isa = XCConfigurationList;
			buildConfigurations = (
				57E6CAD51C593F5A00BC3F98 /* Debug */,
				57E6CAD61C593F5A00BC3F98 /* Release */,
			);
			defaultConfigurationIsVisible = 0;
		};
		57E6CAD71C593F5A00BC3F98 /* Build configuration list for PBXNativeTarget "WiFi InfoTests" */ = {
			isa = XCConfigurationList;
			buildConfigurations = (
				57E6CAD81C593F5A00BC3F98 /* Debug */,
				57E6CAD91C593F5A00BC3F98 /* Release */,
			);
			defaultConfigurationIsVisible = 0;
		};
		57E6CADA1C593F5A00BC3F98 /* Build configuration list for PBXNativeTarget "WiFi InfoUITests" */ = {
			isa = XCConfigurationList;
			buildConfigurations = (
				57E6CADB1C593F5A00BC3F98 /* Debug */,
				57E6CADC1C593F5A00BC3F98 /* Release */,
			);
			defaultConfigurationIsVisible = 0;
		};
/* End XCConfigurationList section */
	};
	rootObject = 57E6CAA51C593F5A00BC3F98 /* Project object */;
}
